
Microsoft Visual Studio Solution File, Format Version 12.00
# Visual Studio Version 17
VisualStudioVersion = 17.14.36717.8 d17.14
MinimumVisualStudioVersion = 10.0.40219.1
Project("{FAE04EC0-301F-11D3-BF4B-00C04F79EFBC}") = "UserAPI", "UserAPI.csproj", "{9C87D5E3-7B64-43CF-9C3F-0D40241B7F84}"
EndProject
Global
	GlobalSection(SolutionConfigurationPlatforms) = preSolution
		Debug|Any CPU = Debug|Any CPU
		Release|Any CPU = Release|Any CPU
	EndGlobalSection
	GlobalSection(ProjectConfigurationPlatforms) = postSolution
		{9C87D5E3-7B64-43CF-9C3F-0D40241B7F84}.Debug|Any CPU.ActiveCfg = Debug|Any CPU
		{9C87D5E3-7B64-43CF-9C3F-0D40241B7F84}.Debug|Any CPU.Build.0 = Debug|Any CPU
		{9C87D5E3-7B64-43CF-9C3F-0D40241B7F84}.Release|Any CPU.ActiveCfg = Release|Any CPU
		{9C87D5E3-7B64-43CF-9C3F-0D40241B7F84}.Release|Any CPU.Build.0 = Release|Any CPU
	EndGlobalSection
	GlobalSection(SolutionProperties) = preSolution
		HideSolutionNode = FALSE
	EndGlobalSection
	GlobalSection(ExtensibilityGlobals) = postSolution
		SolutionGuid = {07CA8737-93DE-4EE6-B1A1-B3F425A881A9}
	EndGlobalSection
EndGlobal
